<?xml version="1.0" encoding="utf-8"?>
<Project ToolsVersion="4.0" xmlns="http://schemas.microsoft.com/developer/msbuild/2003">
  <ItemGroup>
    <ClCompile Include="Sources\main.cpp" />
    <ClCompile Include="Sources\Iterative\tcp_iter_server.c">
      <Filter>소스 파일\Iterative</Filter>
    </ClCompile>
    <ClCompile Include="Sources\Iterative\tcp_iter_client.c">
      <Filter>소스 파일\Iterative</Filter>
    </ClCompile>
    <ClCompile Include="Sources\Common\resource.c">
      <Filter>소스 파일\Common</Filter>
    </ClCompile>
    <ClCompile Include="Sources\Basic\address-resolution.c">
      <Filter>소스 파일\Basic\TCP</Filter>
    </ClCompile>
    <ClCompile Include="Sources\Basic\basic_tcp_client.c">
      <Filter>소스 파일\Basic\TCP</Filter>
    </ClCompile>
    <ClCompile Include="Sources\Basic\basic_tcp_service.c">
      <Filter>소스 파일\Basic\TCP</Filter>
    </ClCompile>
    <ClCompile Include="Sources\Basic\getbyhostname.c">
      <Filter>소스 파일\Basic\TCP</Filter>
    </ClCompile>
    <ClCompile Include="Sources\Basic\io-syscall.c">
      <Filter>소스 파일\Basic\TCP</Filter>
    </ClCompile>
    <ClCompile Include="Sources\Basic\ip_uint.c">
      <Filter>소스 파일\Basic\TCP</Filter>
    </ClCompile>
    <ClCompile Include="Sources\Basic\socket_syscall.c">
      <Filter>소스 파일\Basic\TCP</Filter>
    </ClCompile>
    <ClCompile Include="Sources\Common\errorproc.c">
      <Filter>소스 파일\Common</Filter>
    </ClCompile>
    <ClCompile Include="Sources\Basic\sendto.c">
      <Filter>소스 파일\Basic\UDP</Filter>
    </ClCompile>
    <ClCompile Include="Sources\Common\recvfrom.c">
      <Filter>소스 파일\Basic\UDP</Filter>
    </ClCompile>
  </ItemGroup>
  <ItemGroup>
    <Filter Include="소스 파일">
      <UniqueIdentifier>{e0952933-b0a9-48e1-b5a7-6bd1b3be8f14}</UniqueIdentifier>
    </Filter>
    <Filter Include="소스 파일\Basic">
      <UniqueIdentifier>{f0ec5620-19f7-4435-aa99-295da9fdf583}</UniqueIdentifier>
    </Filter>
    <Filter Include="소스 파일\Iterative">
      <UniqueIdentifier>{8e353dcb-5add-41e9-8d83-159908f21784}</UniqueIdentifier>
    </Filter>
    <Filter Include="소스 파일\Common">
      <UniqueIdentifier>{0047cf9e-0d1f-4585-b824-3f8ad9768034}</UniqueIdentifier>
    </Filter>
    <Filter Include="소스 파일\UDP">
      <UniqueIdentifier>{d696ddf7-fc1e-4275-a3b4-5c768a7c6dcb}</UniqueIdentifier>
    </Filter>
    <Filter Include="소스 파일\Basic\TCP">
      <UniqueIdentifier>{7602a9c4-f656-4a37-b0ba-ee429d1b0775}</UniqueIdentifier>
    </Filter>
    <Filter Include="소스 파일\Basic\UDP">
      <UniqueIdentifier>{a7708eaf-b88f-4967-ba24-7334fdcafcab}</UniqueIdentifier>
    </Filter>
  </ItemGroup>
  <ItemGroup>
    <ClInclude Include="Sources\Common\resource.h">
      <Filter>소스 파일\Common</Filter>
    </ClInclude>
    <ClInclude Include="Sources\Common\errorproc.h">
      <Filter>소스 파일\Common</Filter>
    </ClInclude>
  </ItemGroup>
</Project>