<?xml version="1.0" encoding="utf-8"?>
<Project ToolsVersion="4.0" xmlns="http://schemas.microsoft.com/developer/msbuild/2003">
  <ItemGroup>
    <ClCompile Include="Sources\main.cpp" />
    <ClCompile Include="Sources\Iterative\tcp_iter_server.c">
      <Filter>소스 파일\Iterative</Filter>
    </ClCompile>
    <ClCompile Include="Sources\Iterative\tcp_iter_client.c">
      <Filter>소스 파일\Iterative</Filter>
    </ClCompile>
    <ClCompile Include="Sources\Common\resource.c">
      <Filter>소스 파일\Common</Filter>
    </ClCompile>
    <ClCompile Include="Sources\Basic\address-resolution.c">
      <Filter>소스 파일\Basic\TCP</Filter>
    </ClCompile>
    <ClCompile Include="Sources\Basic\basic_tcp_client.c">
      <Filter>소스 파일\Basic\TCP</Filter>
    </ClCompile>
    <ClCompile Include="Sources\Basic\basic_tcp_service.c">
      <Filter>소스 파일\Basic\TCP</Filter>
    </ClCompile>
    <ClCompile Include="Sources\Basic\getbyhostname.c">
      <Filter>소스 파일\Basic\TCP</Filter>
    </ClCompile>
    <ClCompile Include="Sources\Basic\io-syscall.c">
      <Filter>소스 파일\Basic\TCP</Filter>
    </ClCompile>
    <ClCompile Include="Sources\Basic\ip_uint.c">
      <Filter>소스 파일\Basic\TCP</Filter>
    </ClCompile>
    <ClCompile Include="Sources\Basic\socket_syscall.c">
      <Filter>소스 파일\Basic\TCP</Filter>
    </ClCompile>
    <ClCompile Include="Sources\Common\errorproc.c">
      <Filter>소스 파일\Common</Filter>
    </ClCompile>
    <ClCompile Include="Sources\Common\recvfrom.c">
      <Filter>소스 파일\Basic\UDP\Comb1</Filter>
    </ClCompile>
    <ClCompile Include="Sources\Basic\sendto.c">
      <Filter>소스 파일\Basic\UDP\Comb1</Filter>
    </ClCompile>
    <ClCompile Include="Sources\Basic\recvfromprint.c">
      <Filter>소스 파일\Basic\UDP\Comb2</Filter>
    </ClCompile>
    <ClCompile Include="Sources\Basic\sendtowithbind.c">
      <Filter>소스 파일\Basic\UDP\Comb2</Filter>
    </ClCompile>
    <ClCompile Include="Sources\Basic\conn_echo_client.c">
      <Filter>소스 파일\Basic\UDP\Comb3</Filter>
    </ClCompile>
    <ClCompile Include="Sources\Basic\unconn_echo_server.c">
      <Filter>소스 파일\Basic\UDP\Comb3</Filter>
    </ClCompile>
    <ClCompile Include="Sources\Basic\real_echo_client.c">
      <Filter>소스 파일\Basic\UDP\Comb4</Filter>
    </ClCompile>
    <ClCompile Include="Sources\Basic\fork.c">
      <Filter>소스 파일\Basic\MultiProcess\Comb1</Filter>
    </ClCompile>
    <ClCompile Include="Sources\Basic\tcp_mp_client.c">
      <Filter>소스 파일\Basic\MultiProcess\Comb1</Filter>
    </ClCompile>
    <ClCompile Include="Sources\Basic\tcp_mp_server.c">
      <Filter>소스 파일\Basic\MultiProcess\Comb1</Filter>
    </ClCompile>
    <ClCompile Include="Sources\Basic\udp_chat_server.c">
      <Filter>소스 파일\Basic\MultiProcess\Comb2</Filter>
    </ClCompile>
    <ClCompile Include="Sources\Basic\udp_char_client.c">
      <Filter>소스 파일\Basic\MultiProcess\Comb2</Filter>
    </ClCompile>
  </ItemGroup>
  <ItemGroup>
    <Filter Include="소스 파일">
      <UniqueIdentifier>{e0952933-b0a9-48e1-b5a7-6bd1b3be8f14}</UniqueIdentifier>
    </Filter>
    <Filter Include="소스 파일\Basic">
      <UniqueIdentifier>{f0ec5620-19f7-4435-aa99-295da9fdf583}</UniqueIdentifier>
    </Filter>
    <Filter Include="소스 파일\Iterative">
      <UniqueIdentifier>{8e353dcb-5add-41e9-8d83-159908f21784}</UniqueIdentifier>
    </Filter>
    <Filter Include="소스 파일\Common">
      <UniqueIdentifier>{0047cf9e-0d1f-4585-b824-3f8ad9768034}</UniqueIdentifier>
    </Filter>
    <Filter Include="소스 파일\UDP">
      <UniqueIdentifier>{d696ddf7-fc1e-4275-a3b4-5c768a7c6dcb}</UniqueIdentifier>
    </Filter>
    <Filter Include="소스 파일\Basic\TCP">
      <UniqueIdentifier>{7602a9c4-f656-4a37-b0ba-ee429d1b0775}</UniqueIdentifier>
    </Filter>
    <Filter Include="소스 파일\Basic\UDP">
      <UniqueIdentifier>{a7708eaf-b88f-4967-ba24-7334fdcafcab}</UniqueIdentifier>
    </Filter>
    <Filter Include="소스 파일\Basic\UDP\Comb1">
      <UniqueIdentifier>{035a414a-9c42-41da-982c-5bab0b4df29c}</UniqueIdentifier>
    </Filter>
    <Filter Include="소스 파일\Basic\UDP\Comb2">
      <UniqueIdentifier>{3bff5a5b-96f5-48c4-8ab5-5b3098f772e8}</UniqueIdentifier>
    </Filter>
    <Filter Include="소스 파일\Basic\UDP\Comb3">
      <UniqueIdentifier>{102890c7-49d0-4885-a624-0686b96a5e9a}</UniqueIdentifier>
    </Filter>
    <Filter Include="소스 파일\Basic\UDP\Comb4">
      <UniqueIdentifier>{9a50b1cc-f27c-411e-a987-5819f5f37f25}</UniqueIdentifier>
    </Filter>
    <Filter Include="소스 파일\Basic\MultiProcess">
      <UniqueIdentifier>{780b570e-134c-464e-ad3b-5eb85594a46c}</UniqueIdentifier>
    </Filter>
    <Filter Include="소스 파일\Basic\MultiProcess\Comb1">
      <UniqueIdentifier>{4b5f2a6f-7120-45be-90df-add1e7ddcf55}</UniqueIdentifier>
    </Filter>
    <Filter Include="소스 파일\Basic\MultiProcess\Comb2">
      <UniqueIdentifier>{ecd234a4-687b-4a53-9366-b22a38dc4364}</UniqueIdentifier>
    </Filter>
  </ItemGroup>
  <ItemGroup>
    <ClInclude Include="Sources\Common\resource.h">
      <Filter>소스 파일\Common</Filter>
    </ClInclude>
    <ClInclude Include="Sources\Common\errorproc.h">
      <Filter>소스 파일\Common</Filter>
    </ClInclude>
  </ItemGroup>
</Project>